
Microsoft Visual Studio Solution File, Format Version 12.00
# Visual Studio Version 17
VisualStudioVersion = 17.0.31903.59
MinimumVisualStudioVersion = 10.0.40219.1
Project("{2150E333-8FDC-42A3-9474-1A3956D46DE8}") = "examples", "examples", "{1CAC3D83-77AC-40F2-A645-3638E7E2720B}"
EndProject
Project("{FAE04EC0-301F-11D3-BF4B-00C04F79EFBC}") = "ClassLibraryExample", "examples\ClassLibraryExample\ClassLibraryExample.csproj", "{C7891495-ADE5-4E94-AC11-F9C125ECA426}"
EndProject
Project("{FAE04EC0-301F-11D3-BF4B-00C04F79EFBC}") = "BasicExample", "examples\BasicExample\BasicExample.csproj", "{687DE3C5-D516-4E1F-B6FA-9F1AF0D53764}"
EndProject
Project("{FAE04EC0-301F-11D3-BF4B-00C04F79EFBC}") = "WebApiExample", "examples\WebApiExample\WebApiExample.csproj", "{ABD088ED-7DF0-4CB3-9BAF-54F81D5231E1}"
EndProject
Global
	GlobalSection(SolutionConfigurationPlatforms) = preSolution
		Debug|Any CPU = Debug|Any CPU
		Release|Any CPU = Release|Any CPU
	EndGlobalSection
	GlobalSection(SolutionProperties) = preSolution
		HideSolutionNode = FALSE
	EndGlobalSection
	GlobalSection(ProjectConfigurationPlatforms) = postSolution
		{C7891495-ADE5-4E94-AC11-F9C125ECA426}.Debug|Any CPU.ActiveCfg = Debug|Any CPU
		{C7891495-ADE5-4E94-AC11-F9C125ECA426}.Debug|Any CPU.Build.0 = Debug|Any CPU
		{C7891495-ADE5-4E94-AC11-F9C125ECA426}.Release|Any CPU.ActiveCfg = Release|Any CPU
		{C7891495-ADE5-4E94-AC11-F9C125ECA426}.Release|Any CPU.Build.0 = Release|Any CPU
		{687DE3C5-D516-4E1F-B6FA-9F1AF0D53764}.Debug|Any CPU.ActiveCfg = Debug|Any CPU
		{687DE3C5-D516-4E1F-B6FA-9F1AF0D53764}.Debug|Any CPU.Build.0 = Debug|Any CPU
		{687DE3C5-D516-4E1F-B6FA-9F1AF0D53764}.Release|Any CPU.ActiveCfg = Release|Any CPU
		{687DE3C5-D516-4E1F-B6FA-9F1AF0D53764}.Release|Any CPU.Build.0 = Release|Any CPU
		{ABD088ED-7DF0-4CB3-9BAF-54F81D5231E1}.Debug|Any CPU.ActiveCfg = Debug|Any CPU
		{ABD088ED-7DF0-4CB3-9BAF-54F81D5231E1}.Debug|Any CPU.Build.0 = Debug|Any CPU
		{ABD088ED-7DF0-4CB3-9BAF-54F81D5231E1}.Release|Any CPU.ActiveCfg = Release|Any CPU
		{ABD088ED-7DF0-4CB3-9BAF-54F81D5231E1}.Release|Any CPU.Build.0 = Release|Any CPU
	EndGlobalSection
	GlobalSection(NestedProjects) = preSolution
		{C7891495-ADE5-4E94-AC11-F9C125ECA426} = {1CAC3D83-77AC-40F2-A645-3638E7E2720B}
		{687DE3C5-D516-4E1F-B6FA-9F1AF0D53764} = {1CAC3D83-77AC-40F2-A645-3638E7E2720B}
		{ABD088ED-7DF0-4CB3-9BAF-54F81D5231E1} = {1CAC3D83-77AC-40F2-A645-3638E7E2720B}
	EndGlobalSection
EndGlobal
